
Microsoft Visual Studio Solution File, Format Version 12.00
# Visual Studio 2012
Project("{FAE04EC0-301F-11D3-BF4B-00C04F79EFBC}") = "estimote", "estimote\estimote.csproj", "{CADBB638-DD6B-47B5-A955-ABF7C1E141ED}"
EndProject
Project("{FAE04EC0-301F-11D3-BF4B-00C04F79EFBC}") = "estimote.iOS", "iOS\estimote.iOS.csproj", "{4CB50736-CEAE-4034-8DE3-7A4251C2B4CA}"
EndProject
Project("{FAE04EC0-301F-11D3-BF4B-00C04F79EFBC}") = "estimote.Droid", "Droid\estimote.Droid.csproj", "{7F8B6C7C-FCE8-4042-B6FA-6E7C680FE34D}"
EndProject
Global
	GlobalSection(SolutionConfigurationPlatforms) = preSolution
		Debug|Any CPU = Debug|Any CPU
		Release|Any CPU = Release|Any CPU
		Debug|iPhoneSimulator = Debug|iPhoneSimulator
		Release|iPhone = Release|iPhone
		Release|iPhoneSimulator = Release|iPhoneSimulator
		Debug|iPhone = Debug|iPhone
	EndGlobalSection
	GlobalSection(ProjectConfigurationPlatforms) = postSolution
		{4CB50736-CEAE-4034-8DE3-7A4251C2B4CA}.Debug|Any CPU.ActiveCfg = Debug|iPhoneSimulator
		{4CB50736-CEAE-4034-8DE3-7A4251C2B4CA}.Debug|Any CPU.Build.0 = Debug|iPhoneSimulator
		{4CB50736-CEAE-4034-8DE3-7A4251C2B4CA}.Debug|iPhone.ActiveCfg = Debug|iPhone
		{4CB50736-CEAE-4034-8DE3-7A4251C2B4CA}.Debug|iPhone.Build.0 = Debug|iPhone
		{4CB50736-CEAE-4034-8DE3-7A4251C2B4CA}.Debug|iPhoneSimulator.ActiveCfg = Debug|iPhoneSimulator
		{4CB50736-CEAE-4034-8DE3-7A4251C2B4CA}.Debug|iPhoneSimulator.Build.0 = Debug|iPhoneSimulator
		{4CB50736-CEAE-4034-8DE3-7A4251C2B4CA}.Release|Any CPU.ActiveCfg = Release|iPhone
		{4CB50736-CEAE-4034-8DE3-7A4251C2B4CA}.Release|Any CPU.Build.0 = Release|iPhone
		{4CB50736-CEAE-4034-8DE3-7A4251C2B4CA}.Release|iPhone.ActiveCfg = Release|iPhone
		{4CB50736-CEAE-4034-8DE3-7A4251C2B4CA}.Release|iPhone.Build.0 = Release|iPhone
		{4CB50736-CEAE-4034-8DE3-7A4251C2B4CA}.Release|iPhoneSimulator.ActiveCfg = Release|iPhoneSimulator
		{4CB50736-CEAE-4034-8DE3-7A4251C2B4CA}.Release|iPhoneSimulator.Build.0 = Release|iPhoneSimulator
		{7F8B6C7C-FCE8-4042-B6FA-6E7C680FE34D}.Debug|Any CPU.ActiveCfg = Debug|Any CPU
		{7F8B6C7C-FCE8-4042-B6FA-6E7C680FE34D}.Debug|Any CPU.Build.0 = Debug|Any CPU
		{7F8B6C7C-FCE8-4042-B6FA-6E7C680FE34D}.Debug|iPhone.ActiveCfg = Debug|Any CPU
		{7F8B6C7C-FCE8-4042-B6FA-6E7C680FE34D}.Debug|iPhone.Build.0 = Debug|Any CPU
		{7F8B6C7C-FCE8-4042-B6FA-6E7C680FE34D}.Debug|iPhoneSimulator.ActiveCfg = Debug|Any CPU
		{7F8B6C7C-FCE8-4042-B6FA-6E7C680FE34D}.Debug|iPhoneSimulator.Build.0 = Debug|Any CPU
		{7F8B6C7C-FCE8-4042-B6FA-6E7C680FE34D}.Release|Any CPU.ActiveCfg = Release|Any CPU
		{7F8B6C7C-FCE8-4042-B6FA-6E7C680FE34D}.Release|Any CPU.Build.0 = Release|Any CPU
		{7F8B6C7C-FCE8-4042-B6FA-6E7C680FE34D}.Release|iPhone.ActiveCfg = Release|Any CPU
		{7F8B6C7C-FCE8-4042-B6FA-6E7C680FE34D}.Release|iPhone.Build.0 = Release|Any CPU
		{7F8B6C7C-FCE8-4042-B6FA-6E7C680FE34D}.Release|iPhoneSimulator.ActiveCfg = Release|Any CPU
		{7F8B6C7C-FCE8-4042-B6FA-6E7C680FE34D}.Release|iPhoneSimulator.Build.0 = Release|Any CPU
		{CADBB638-DD6B-47B5-A955-ABF7C1E141ED}.Debug|Any CPU.ActiveCfg = Debug|Any CPU
		{CADBB638-DD6B-47B5-A955-ABF7C1E141ED}.Debug|Any CPU.Build.0 = Debug|Any CPU
		{CADBB638-DD6B-47B5-A955-ABF7C1E141ED}.Debug|iPhone.ActiveCfg = Debug|Any CPU
		{CADBB638-DD6B-47B5-A955-ABF7C1E141ED}.Debug|iPhone.Build.0 = Debug|Any CPU
		{CADBB638-DD6B-47B5-A955-ABF7C1E141ED}.Debug|iPhoneSimulator.ActiveCfg = Debug|Any CPU
		{CADBB638-DD6B-47B5-A955-ABF7C1E141ED}.Debug|iPhoneSimulator.Build.0 = Debug|Any CPU
		{CADBB638-DD6B-47B5-A955-ABF7C1E141ED}.Release|Any CPU.ActiveCfg = Release|Any CPU
		{CADBB638-DD6B-47B5-A955-ABF7C1E141ED}.Release|Any CPU.Build.0 = Release|Any CPU
		{CADBB638-DD6B-47B5-A955-ABF7C1E141ED}.Release|iPhone.ActiveCfg = Release|Any CPU
		{CADBB638-DD6B-47B5-A955-ABF7C1E141ED}.Release|iPhone.Build.0 = Release|Any CPU
		{CADBB638-DD6B-47B5-A955-ABF7C1E141ED}.Release|iPhoneSimulator.ActiveCfg = Release|Any CPU
		{CADBB638-DD6B-47B5-A955-ABF7C1E141ED}.Release|iPhoneSimulator.Build.0 = Release|Any CPU
	EndGlobalSection
EndGlobal
